DEPENDENCIES
  apt (~> 2.7.0)
  chef-hat
    git: https://github.com/michaldudek/chef-hat.git
    revision: b86766dbba24c889fd9b4a8e42b98fb6365b453f
  mongodb (~> 0.16.2)
  mysql (< 6.0.0)

GRAPH
  apache2 (3.2.2)
  apt (2.7.0)
  build-essential (6.0.0)
    compat_resource (>= 12.10)
    mingw (>= 1.1)
    seven_zip (>= 0.0.0)
  chef-hat (0.3.3)
    apache2 (>= 0.0.0)
    apt (>= 0.0.0)
    git (>= 0.0.0)
    ssl_certificate (>= 0.0.0)
  chef_handler (1.4.0)
  compat_resource (12.10.6)
  dmg (2.4.0)
  git (4.6.0)
    build-essential (>= 0.0.0)
    dmg (>= 0.0.0)
    windows (>= 0.0.0)
    yum-epel (>= 0.0.0)
  mingw (1.2.2)
    compat_resource (>= 0.0.0)
    seven_zip (>= 0.0.0)
  mongodb (0.16.2)
    apt (>= 1.8.2)
    python (>= 0.0.0)
    runit (>= 1.5.0)
    yum (>= 3.0)
  mysql (5.6.3)
    yum-mysql-community (>= 0.0.0)
  packagecloud (0.2.4)
  python (1.4.6)
    build-essential (>= 0.0.0)
    yum-epel (>= 0.0.0)
  runit (1.7.8)
    packagecloud (>= 0.0.0)
  seven_zip (2.0.1)
    windows (>= 1.2.2)
  ssl_certificate (1.12.0)
  windows (1.44.1)
    chef_handler (>= 0.0.0)
  yum (3.11.0)
  yum-epel (0.7.0)
    yum (>= 3.6.3)
  yum-mysql-community (0.2.0)
    yum (>= 3.2)
